
Microsoft Visual Studio Solution File, Format Version 12.00
# Visual Studio Version 17
VisualStudioVersion = 17.5.002.0
MinimumVisualStudioVersion = 10.0.40219.1
Project("{9A19103F-16F7-4668-BE54-9A1E7A4F7556}") = "LabAct4", "LabAct4.csproj", "{88AA41AA-F443-4D1A-ADB9-35452E7DDBC7}"
EndProject
Global
	GlobalSection(SolutionConfigurationPlatforms) = preSolution
		Debug|Any CPU = Debug|Any CPU
		Release|Any CPU = Release|Any CPU
	EndGlobalSection
	GlobalSection(ProjectConfigurationPlatforms) = postSolution
		{88AA41AA-F443-4D1A-ADB9-35452E7DDBC7}.Debug|Any CPU.ActiveCfg = Debug|Any CPU
		{88AA41AA-F443-4D1A-ADB9-35452E7DDBC7}.Debug|Any CPU.Build.0 = Debug|Any CPU
		{88AA41AA-F443-4D1A-ADB9-35452E7DDBC7}.Release|Any CPU.ActiveCfg = Release|Any CPU
		{88AA41AA-F443-4D1A-ADB9-35452E7DDBC7}.Release|Any CPU.Build.0 = Release|Any CPU
	EndGlobalSection
	GlobalSection(SolutionProperties) = preSolution
		HideSolutionNode = FALSE
	EndGlobalSection
	GlobalSection(ExtensibilityGlobals) = postSolution
		SolutionGuid = {9A94143F-46C3-4147-B113-B7F648D03A50}
	EndGlobalSection
EndGlobal
